// !$*UTF8*$!
{
	archiveVersion = 1;
	classes = {
	};
	objectVersion = 46;
	objects = {

/* Begin PBXBuildFile section */
		C90F589C1A24D0F600258424 /* ActivityNameTableController.swift in Sources */ = {isa = PBXBuildFile; fileRef = C90F589B1A24D0F600258424 /* ActivityNameTableController.swift */; };
		C93599401A19F66F00DE78BE /* Localizable.strings in Resources */ = {isa = PBXBuildFile; fileRef = C93599421A19F66F00DE78BE /* Localizable.strings */; };
		C93599451A19F66F00DE78BE /* InfoPlist.strings in Resources */ = {isa = PBXBuildFile; fileRef = C93599471A19F66F00DE78BE /* InfoPlist.strings */; };
		C935994A1A19F66F00DE78BE /* InfoPlist.strings in Resources */ = {isa = PBXBuildFile; fileRef = C935994C1A19F66F00DE78BE /* InfoPlist.strings */; };
		C93F56E91A0B70BE0030D481 /* AppDelegate.swift in Sources */ = {isa = PBXBuildFile; fileRef = C93F56E81A0B70BE0030D481 /* AppDelegate.swift */; };
		C93F56EB1A0B70BE0030D481 /* ActivityTableViewController.swift in Sources */ = {isa = PBXBuildFile; fileRef = C93F56EA1A0B70BE0030D481 /* ActivityTableViewController.swift */; };
		C93F56ED1A0B70BE0030D481 /* ActivityEditController.swift in Sources */ = {isa = PBXBuildFile; fileRef = C93F56EC1A0B70BE0030D481 /* ActivityEditController.swift */; };
		C93F56F01A0B70BE0030D481 /* Main.storyboard in Resources */ = {isa = PBXBuildFile; fileRef = C93F56EE1A0B70BE0030D481 /* Main.storyboard */; };
		C93F56F21A0B70BE0030D481 /* Images.xcassets in Resources */ = {isa = PBXBuildFile; fileRef = C93F56F11A0B70BE0030D481 /* Images.xcassets */; };
		C93F56F51A0B70BE0030D481 /* LaunchScreen.xib in Resources */ = {isa = PBXBuildFile; fileRef = C93F56F31A0B70BE0030D481 /* LaunchScreen.xib */; };
		C93F57011A0B70BE0030D481 /* RevmaRappTests.swift in Sources */ = {isa = PBXBuildFile; fileRef = C93F57001A0B70BE0030D481 /* RevmaRappTests.swift */; };
		C9C10BE41A0B831C00784666 /* ActivityViewController.swift in Sources */ = {isa = PBXBuildFile; fileRef = C9C10BE31A0B831C00784666 /* ActivityViewController.swift */; };
		C9DD9F311A136E550099B184 /* RevmaRapp.xcdatamodeld in Sources */ = {isa = PBXBuildFile; fileRef = C9DD9F2F1A136E550099B184 /* RevmaRapp.xcdatamodeld */; };
		C9DD9F431A13A3A00099B184 /* _ActivityItem.swift in Sources */ = {isa = PBXBuildFile; fileRef = C9DD9F3F1A13A3A00099B184 /* _ActivityItem.swift */; };
		C9DD9F441A13A3A00099B184 /* _ActivityName.swift in Sources */ = {isa = PBXBuildFile; fileRef = C9DD9F401A13A3A00099B184 /* _ActivityName.swift */; };
		C9DD9F451A13A3A00099B184 /* ActivityItem.swift in Sources */ = {isa = PBXBuildFile; fileRef = C9DD9F411A13A3A00099B184 /* ActivityItem.swift */; };
		C9DD9F461A13A3A00099B184 /* ActivityName.swift in Sources */ = {isa = PBXBuildFile; fileRef = C9DD9F421A13A3A00099B184 /* ActivityName.swift */; };
/* End PBXBuildFile section */

/* Begin PBXContainerItemProxy section */
		C93F56FB1A0B70BE0030D481 /* PBXContainerItemProxy */ = {
			isa = PBXContainerItemProxy;
			containerPortal = C93F56DB1A0B70BE0030D481 /* Project object */;
			proxyType = 1;
			remoteGlobalIDString = C93F56E21A0B70BE0030D481;
			remoteInfo = RevmaRapp;
		};
/* End PBXContainerItemProxy section */

/* Begin PBXFileReference section */
		C90F589B1A24D0F600258424 /* ActivityNameTableController.swift */ = {isa = PBXFileReference; fileEncoding = 4; lastKnownFileType = sourcecode.swift; path = ActivityNameTableController.swift; sourceTree = "<group>"; };
		C93599411A19F66F00DE78BE /* nb */ = {isa = PBXFileReference; lastKnownFileType = text.plist.strings; name = nb; path = nb.lproj/Localizable.strings; sourceTree = "<group>"; };
		C93599461A19F66F00DE78BE /* nb */ = {isa = PBXFileReference; lastKnownFileType = text.plist.strings; name = nb; path = nb.lproj/InfoPlist.strings; sourceTree = "<group>"; };
		C935994B1A19F66F00DE78BE /* nb */ = {isa = PBXFileReference; lastKnownFileType = text.plist.strings; name = nb; path = nb.lproj/InfoPlist.strings; sourceTree = "<group>"; };
		C935994D1A19F9F200DE78BE /* en */ = {isa = PBXFileReference; lastKnownFileType = text.plist.strings; name = en; path = en.lproj/Localizable.strings; sourceTree = "<group>"; };
		C935994E1A19F9F200DE78BE /* en */ = {isa = PBXFileReference; lastKnownFileType = text.plist.strings; name = en; path = en.lproj/InfoPlist.strings; sourceTree = "<group>"; };
		C935994F1A19F9F200DE78BE /* en */ = {isa = PBXFileReference; lastKnownFileType = text.plist.strings; name = en; path = en.lproj/InfoPlist.strings; sourceTree = "<group>"; };
		C93F56E31A0B70BE0030D481 /* RevmaRapp.app */ = {isa = PBXFileReference; explicitFileType = wrapper.application; includeInIndex = 0; path = RevmaRapp.app; sourceTree = BUILT_PRODUCTS_DIR; };
		C93F56E71A0B70BE0030D481 /* Info.plist */ = {isa = PBXFileReference; lastKnownFileType = text.plist.xml; path = Info.plist; sourceTree = "<group>"; };
		C93F56E81A0B70BE0030D481 /* AppDelegate.swift */ = {isa = PBXFileReference; lastKnownFileType = sourcecode.swift; path = AppDelegate.swift; sourceTree = "<group>"; };
		C93F56EA1A0B70BE0030D481 /* ActivityTableViewController.swift */ = {isa = PBXFileReference; lastKnownFileType = sourcecode.swift; path = ActivityTableViewController.swift; sourceTree = "<group>"; };
		C93F56EC1A0B70BE0030D481 /* ActivityEditController.swift */ = {isa = PBXFileReference; lastKnownFileType = sourcecode.swift; path = ActivityEditController.swift; sourceTree = "<group>"; };
		C93F56EF1A0B70BE0030D481 /* Base */ = {isa = PBXFileReference; lastKnownFileType = file.storyboard; name = Base; path = Base.lproj/Main.storyboard; sourceTree = "<group>"; };
		C93F56F11A0B70BE0030D481 /* Images.xcassets */ = {isa = PBXFileReference; lastKnownFileType = folder.assetcatalog; path = Images.xcassets; sourceTree = "<group>"; };
		C93F56F41A0B70BE0030D481 /* Base */ = {isa = PBXFileReference; lastKnownFileType = file.xib; name = Base; path = Base.lproj/LaunchScreen.xib; sourceTree = "<group>"; };
		C93F56FA1A0B70BE0030D481 /* RevmaRappTests.xctest */ = {isa = PBXFileReference; explicitFileType = wrapper.cfbundle; includeInIndex = 0; path = RevmaRappTests.xctest; sourceTree = BUILT_PRODUCTS_DIR; };
		C93F56FF1A0B70BE0030D481 /* Info.plist */ = {isa = PBXFileReference; lastKnownFileType = text.plist.xml; path = Info.plist; sourceTree = "<group>"; };
		C93F57001A0B70BE0030D481 /* RevmaRappTests.swift */ = {isa = PBXFileReference; lastKnownFileType = sourcecode.swift; path = RevmaRappTests.swift; sourceTree = "<group>"; };
		C9C10BE31A0B831C00784666 /* ActivityViewController.swift */ = {isa = PBXFileReference; fileEncoding = 4; lastKnownFileType = sourcecode.swift; path = ActivityViewController.swift; sourceTree = "<group>"; };
		C9DD9F301A136E550099B184 /* RevmaRapp.xcdatamodel */ = {isa = PBXFileReference; lastKnownFileType = wrapper.xcdatamodel; path = RevmaRapp.xcdatamodel; sourceTree = "<group>"; };
		C9DD9F3F1A13A3A00099B184 /* _ActivityItem.swift */ = {isa = PBXFileReference; fileEncoding = 4; lastKnownFileType = sourcecode.swift; path = _ActivityItem.swift; sourceTree = "<group>"; };
		C9DD9F401A13A3A00099B184 /* _ActivityName.swift */ = {isa = PBXFileReference; fileEncoding = 4; lastKnownFileType = sourcecode.swift; path = _ActivityName.swift; sourceTree = "<group>"; };
		C9DD9F411A13A3A00099B184 /* ActivityItem.swift */ = {isa = PBXFileReference; fileEncoding = 4; lastKnownFileType = sourcecode.swift; path = ActivityItem.swift; sourceTree = "<group>"; };
		C9DD9F421A13A3A00099B184 /* ActivityName.swift */ = {isa = PBXFileReference; fileEncoding = 4; lastKnownFileType = sourcecode.swift; path = ActivityName.swift; sourceTree = "<group>"; };
		C9E284BA1A134FBD00BCD802 /* nb */ = {isa = PBXFileReference; lastKnownFileType = text.plist.strings; name = nb; path = nb.lproj/Main.strings; sourceTree = "<group>"; };
		C9E284BB1A134FBD00BCD802 /* nb */ = {isa = PBXFileReference; lastKnownFileType = text.plist.strings; name = nb; path = nb.lproj/LaunchScreen.strings; sourceTree = "<group>"; };
		C9E284BE1A13530C00BCD802 /* en */ = {isa = PBXFileReference; lastKnownFileType = text.plist.strings; name = en; path = en.lproj/Main.strings; sourceTree = "<group>"; };
		C9E284BF1A13530C00BCD802 /* en */ = {isa = PBXFileReference; lastKnownFileType = text.plist.strings; name = en; path = en.lproj/LaunchScreen.strings; sourceTree = "<group>"; };
/* End PBXFileReference section */

/* Begin PBXFrameworksBuildPhase section */
		C93F56E01A0B70BE0030D481 /* Frameworks */ = {
			isa = PBXFrameworksBuildPhase;
			buildActionMask = 2147483647;
			files = (
			);
			runOnlyForDeploymentPostprocessing = 0;
		};
		C93F56F71A0B70BE0030D481 /* Frameworks */ = {
			isa = PBXFrameworksBuildPhase;
			buildActionMask = 2147483647;
			files = (
			);
			runOnlyForDeploymentPostprocessing = 0;
		};
/* End PBXFrameworksBuildPhase section */

/* Begin PBXGroup section */
		C93F56DA1A0B70BE0030D481 = {
			isa = PBXGroup;
			children = (
				C93F56E51A0B70BE0030D481 /* RevmaRapp */,
				C93F56FD1A0B70BE0030D481 /* RevmaRappTests */,
				C93F56E41A0B70BE0030D481 /* Products */,
			);
			sourceTree = "<group>";
		};
		C93F56E41A0B70BE0030D481 /* Products */ = {
			isa = PBXGroup;
			children = (
				C93F56E31A0B70BE0030D481 /* RevmaRapp.app */,
				C93F56FA1A0B70BE0030D481 /* RevmaRappTests.xctest */,
			);
			name = Products;
			sourceTree = "<group>";
		};
		C93F56E51A0B70BE0030D481 /* RevmaRapp */ = {
			isa = PBXGroup;
			children = (
				C9DD9F3E1A13A3A00099B184 /* ModelObjects */,
				C93F56E81A0B70BE0030D481 /* AppDelegate.swift */,
				C93F56EA1A0B70BE0030D481 /* ActivityTableViewController.swift */,
				C9C10BE31A0B831C00784666 /* ActivityViewController.swift */,
				C93F56EC1A0B70BE0030D481 /* ActivityEditController.swift */,
				C90F589B1A24D0F600258424 /* ActivityNameTableController.swift */,
				C93F56EE1A0B70BE0030D481 /* Main.storyboard */,
				C93F56F11A0B70BE0030D481 /* Images.xcassets */,
				C93F56F31A0B70BE0030D481 /* LaunchScreen.xib */,
				C9DD9F361A13746F0099B184 /* Model */,
				C93F56E61A0B70BE0030D481 /* Supporting Files */,
			);
			path = RevmaRapp;
			sourceTree = "<group>";
		};
		C93F56E61A0B70BE0030D481 /* Supporting Files */ = {
			isa = PBXGroup;
			children = (
				C935994C1A19F66F00DE78BE /* InfoPlist.strings */,
				C93599421A19F66F00DE78BE /* Localizable.strings */,
				C93F56E71A0B70BE0030D481 /* Info.plist */,
			);
			name = "Supporting Files";
			sourceTree = "<group>";
		};
		C93F56FD1A0B70BE0030D481 /* RevmaRappTests */ = {
			isa = PBXGroup;
			children = (
				C93F57001A0B70BE0030D481 /* RevmaRappTests.swift */,
				C93F56FE1A0B70BE0030D481 /* Supporting Files */,
			);
			path = RevmaRappTests;
			sourceTree = "<group>";
		};
		C93F56FE1A0B70BE0030D481 /* Supporting Files */ = {
			isa = PBXGroup;
			children = (
				C93599471A19F66F00DE78BE /* InfoPlist.strings */,
				C93F56FF1A0B70BE0030D481 /* Info.plist */,
			);
			name = "Supporting Files";
			sourceTree = "<group>";
		};
		C9DD9F361A13746F0099B184 /* Model */ = {
			isa = PBXGroup;
			children = (
				C9DD9F2F1A136E550099B184 /* RevmaRapp.xcdatamodeld */,
			);
			name = Model;
			sourceTree = "<group>";
		};
		C9DD9F3E1A13A3A00099B184 /* ModelObjects */ = {
			isa = PBXGroup;
			children = (
				C9DD9F3F1A13A3A00099B184 /* _ActivityItem.swift */,
				C9DD9F401A13A3A00099B184 /* _ActivityName.swift */,
				C9DD9F411A13A3A00099B184 /* ActivityItem.swift */,
				C9DD9F421A13A3A00099B184 /* ActivityName.swift */,
			);
			path = ModelObjects;
			sourceTree = "<group>";
		};
/* End PBXGroup section */

/* Begin PBXNativeTarget section */
		C93F56E21A0B70BE0030D481 /* RevmaRapp */ = {
			isa = PBXNativeTarget;
			buildConfigurationList = C93F57041A0B70BE0030D481 /* Build configuration list for PBXNativeTarget "RevmaRapp" */;
			buildPhases = (
				C9DD9F3D1A1398070099B184 /* Generate Model Objects */,
				C93F56DF1A0B70BE0030D481 /* Sources */,
				C93F56E01A0B70BE0030D481 /* Frameworks */,
				C93F56E11A0B70BE0030D481 /* Resources */,
			);
			buildRules = (
			);
			dependencies = (
			);
			name = RevmaRapp;
			productName = RevmaRapp;
			productReference = C93F56E31A0B70BE0030D481 /* RevmaRapp.app */;
			productType = "com.apple.product-type.application";
		};
		C93F56F91A0B70BE0030D481 /* RevmaRappTests */ = {
			isa = PBXNativeTarget;
			buildConfigurationList = C93F57071A0B70BE0030D481 /* Build configuration list for PBXNativeTarget "RevmaRappTests" */;
			buildPhases = (
				C93F56F61A0B70BE0030D481 /* Sources */,
				C93F56F71A0B70BE0030D481 /* Frameworks */,
				C93F56F81A0B70BE0030D481 /* Resources */,
			);
			buildRules = (
			);
			dependencies = (
				C93F56FC1A0B70BE0030D481 /* PBXTargetDependency */,
			);
			name = RevmaRappTests;
			productName = RevmaRappTests;
			productReference = C93F56FA1A0B70BE0030D481 /* RevmaRappTests.xctest */;
			productType = "com.apple.product-type.bundle.unit-test";
		};
/* End PBXNativeTarget section */

/* Begin PBXProject section */
		C93F56DB1A0B70BE0030D481 /* Project object */ = {
			isa = PBXProject;
			attributes = {
				LastUpgradeCheck = 0610;
				ORGANIZATIONNAME = "Norsk Regnesentral";
				TargetAttributes = {
					C93F56E21A0B70BE0030D481 = {
						CreatedOnToolsVersion = 6.1;
						DevelopmentTeam = AU593AAM68;
					};
					C93F56F91A0B70BE0030D481 = {
						CreatedOnToolsVersion = 6.1;
						TestTargetID = C93F56E21A0B70BE0030D481;
					};
				};
			};
			buildConfigurationList = C93F56DE1A0B70BE0030D481 /* Build configuration list for PBXProject "RevmaRapp" */;
			compatibilityVersion = "Xcode 3.2";
			developmentRegion = English;
			hasScannedForEncodings = 0;
			knownRegions = (
				Base,
			);
			mainGroup = C93F56DA1A0B70BE0030D481;
			productRefGroup = C93F56E41A0B70BE0030D481 /* Products */;
			projectDirPath = "";
			projectRoot = "";
			targets = (
				C93F56E21A0B70BE0030D481 /* RevmaRapp */,
				C93F56F91A0B70BE0030D481 /* RevmaRappTests */,
			);
		};
/* End PBXProject section */

/* Begin PBXResourcesBuildPhase section */
		C93F56E11A0B70BE0030D481 /* Resources */ = {
			isa = PBXResourcesBuildPhase;
			buildActionMask = 2147483647;
			files = (
				C93599401A19F66F00DE78BE /* Localizable.strings in Resources */,
				C935994A1A19F66F00DE78BE /* InfoPlist.strings in Resources */,
				C93F56F01A0B70BE0030D481 /* Main.storyboard in Resources */,
				C93F56F51A0B70BE0030D481 /* LaunchScreen.xib in Resources */,
				C93F56F21A0B70BE0030D481 /* Images.xcassets in Resources */,
			);
			runOnlyForDeploymentPostprocessing = 0;
		};
		C93F56F81A0B70BE0030D481 /* Resources */ = {
			isa = PBXResourcesBuildPhase;
			buildActionMask = 2147483647;
			files = (
				C93599451A19F66F00DE78BE /* InfoPlist.strings in Resources */,
			);
			runOnlyForDeploymentPostprocessing = 0;
		};
/* End PBXResourcesBuildPhase section */

/* Begin PBXShellScriptBuildPhase section */
		C9DD9F3D1A1398070099B184 /* Generate Model Objects */ = {
			isa = PBXShellScriptBuildPhase;
			buildActionMask = 2147483647;
			files = (
			);
			inputPaths = (
				"$(SRCROOT)/RevmaRapp/RevmaRapp.xcdatamodeld/RevmaRapp.xcdatamodel",
			);
			name = "Generate Model Objects";
			outputPaths = (
			);
			runOnlyForDeploymentPostprocessing = 0;
			shellPath = /bin/sh;
			shellScript = "cd \"$PROJECT_DIR/RevmaRapp\" && /usr/local/bin/mogenerator --swift -m $SCRIPT_INPUT_FILE_0  --output-dir ./ModelObjects";
		};
/* End PBXShellScriptBuildPhase section */

/* Begin PBXSourcesBuildPhase section */
		C93F56DF1A0B70BE0030D481 /* Sources */ = {
			isa = PBXSourcesBuildPhase;
			buildActionMask = 2147483647;
			files = (
				C9DD9F311A136E550099B184 /* RevmaRapp.xcdatamodeld in Sources */,
				C9DD9F461A13A3A00099B184 /* ActivityName.swift in Sources */,
				C9DD9F451A13A3A00099B184 /* ActivityItem.swift in Sources */,
				C9DD9F441A13A3A00099B184 /* _ActivityName.swift in Sources */,
				C93F56ED1A0B70BE0030D481 /* ActivityEditController.swift in Sources */,
				C93F56E91A0B70BE0030D481 /* AppDelegate.swift in Sources */,
				C9DD9F431A13A3A00099B184 /* _ActivityItem.swift in Sources */,
				C9C10BE41A0B831C00784666 /* ActivityViewController.swift in Sources */,
				C90F589C1A24D0F600258424 /* ActivityNameTableController.swift in Sources */,
				C93F56EB1A0B70BE0030D481 /* ActivityTableViewController.swift in Sources */,
			);
			runOnlyForDeploymentPostprocessing = 0;
		};
		C93F56F61A0B70BE0030D481 /* Sources */ = {
			isa = PBXSourcesBuildPhase;
			buildActionMask = 2147483647;
			files = (
				C93F57011A0B70BE0030D481 /* RevmaRappTests.swift in Sources */,
			);
			runOnlyForDeploymentPostprocessing = 0;
		};
/* End PBXSourcesBuildPhase section */

/* Begin PBXTargetDependency section */
		C93F56FC1A0B70BE0030D481 /* PBXTargetDependency */ = {
			isa = PBXTargetDependency;
			target = C93F56E21A0B70BE0030D481 /* RevmaRapp */;
			targetProxy = C93F56FB1A0B70BE0030D481 /* PBXContainerItemProxy */;
		};
/* End PBXTargetDependency section */

/* Begin PBXVariantGroup section */
		C93599421A19F66F00DE78BE /* Localizable.strings */ = {
			isa = PBXVariantGroup;
			children = (
				C93599411A19F66F00DE78BE /* nb */,
				C935994D1A19F9F200DE78BE /* en */,
			);
			name = Localizable.strings;
			sourceTree = "<group>";
		};
		C93599471A19F66F00DE78BE /* InfoPlist.strings */ = {
			isa = PBXVariantGroup;
			children = (
				C93599461A19F66F00DE78BE /* nb */,
				C935994E1A19F9F200DE78BE /* en */,
			);
			name = InfoPlist.strings;
			sourceTree = "<group>";
		};
		C935994C1A19F66F00DE78BE /* InfoPlist.strings */ = {
			isa = PBXVariantGroup;
			children = (
				C935994B1A19F66F00DE78BE /* nb */,
				C935994F1A19F9F200DE78BE /* en */,
			);
			name = InfoPlist.strings;
			sourceTree = "<group>";
		};
		C93F56EE1A0B70BE0030D481 /* Main.storyboard */ = {
			isa = PBXVariantGroup;
			children = (
				C93F56EF1A0B70BE0030D481 /* Base */,
				C9E284BA1A134FBD00BCD802 /* nb */,
				C9E284BE1A13530C00BCD802 /* en */,
			);
			name = Main.storyboard;
			sourceTree = "<group>";
		};
		C93F56F31A0B70BE0030D481 /* LaunchScreen.xib */ = {
			isa = PBXVariantGroup;
			children = (
				C93F56F41A0B70BE0030D481 /* Base */,
				C9E284BB1A134FBD00BCD802 /* nb */,
				C9E284BF1A13530C00BCD802 /* en */,
			);
			name = LaunchScreen.xib;
			sourceTree = "<group>";
		};
/* End PBXVariantGroup section */

/* Begin XCBuildConfiguration section */
		C93F57021A0B70BE0030D481 /* Debug */ = {
			isa = XCBuildConfiguration;
			buildSettings = {
				ALWAYS_SEARCH_USER_PATHS = NO;
				CLANG_CXX_LANGUAGE_STANDARD = "gnu++0x";
				CLANG_CXX_LIBRARY = "libc++";
				CLANG_ENABLE_MODULES = YES;
				CLANG_ENABLE_OBJC_ARC = YES;
				CLANG_WARN_BOOL_CONVERSION = YES;
				CLANG_WARN_CONSTANT_CONVERSION = YES;
				CLANG_WARN_DIRECT_OBJC_ISA_USAGE = YES_ERROR;
				CLANG_WARN_EMPTY_BODY = YES;
				CLANG_WARN_ENUM_CONVERSION = YES;
				CLANG_WARN_INT_CONVERSION = YES;
				CLANG_WARN_OBJC_ROOT_CLASS = YES_ERROR;
				CLANG_WARN_UNREACHABLE_CODE = YES;
				CLANG_WARN__DUPLICATE_METHOD_MATCH = YES;
				"CODE_SIGN_IDENTITY[sdk=iphoneos*]" = "iPhone Developer";
				COPY_PHASE_STRIP = NO;
				ENABLE_STRICT_OBJC_MSGSEND = YES;
				GCC_C_LANGUAGE_STANDARD = gnu99;
				GCC_DYNAMIC_NO_PIC = NO;
				GCC_OPTIMIZATION_LEVEL = 0;
				GCC_PREPROCESSOR_DEFINITIONS = (
					"DEBUG=1",
					"$(inherited)",
				);
				GCC_SYMBOLS_PRIVATE_EXTERN = NO;
				GCC_WARN_64_TO_32_BIT_CONVERSION = YES;
				GCC_WARN_ABOUT_RETURN_TYPE = YES_ERROR;
				GCC_WARN_UNDECLARED_SELECTOR = YES;
				GCC_WARN_UNINITIALIZED_AUTOS = YES_AGGRESSIVE;
				GCC_WARN_UNUSED_FUNCTION = YES;
				GCC_WARN_UNUSED_VARIABLE = YES;
				IPHONEOS_DEPLOYMENT_TARGET = 7.0;
				MTL_ENABLE_DEBUG_INFO = YES;
				ONLY_ACTIVE_ARCH = YES;
				SDKROOT = iphoneos;
				SWIFT_OPTIMIZATION_LEVEL = "-Onone";
				TARGETED_DEVICE_FAMILY = "1,2";
			};
			name = Debug;
		};
		C93F57031A0B70BE0030D481 /* Release */ = {
			isa = XCBuildConfiguration;
			buildSettings = {
				ALWAYS_SEARCH_USER_PATHS = NO;
				CLANG_CXX_LANGUAGE_STANDARD = "gnu++0x";
				CLANG_CXX_LIBRARY = "libc++";
				CLANG_ENABLE_MODULES = YES;
				CLANG_ENABLE_OBJC_ARC = YES;
				CLANG_WARN_BOOL_CONVERSION = YES;
				CLANG_WARN_CONSTANT_CONVERSION = YES;
				CLANG_WARN_DIRECT_OBJC_ISA_USAGE = YES_ERROR;
				CLANG_WARN_EMPTY_BODY = YES;
				CLANG_WARN_ENUM_CONVERSION = YES;
				CLANG_WARN_INT_CONVERSION = YES;
				CLANG_WARN_OBJC_ROOT_CLASS = YES_ERROR;
				CLANG_WARN_UNREACHABLE_CODE = YES;
				CLANG_WARN__DUPLICATE_METHOD_MATCH = YES;
				"CODE_SIGN_IDENTITY[sdk=iphoneos*]" = "iPhone Developer";
				COPY_PHASE_STRIP = YES;
				ENABLE_NS_ASSERTIONS = NO;
				ENABLE_STRICT_OBJC_MSGSEND = YES;
				GCC_C_LANGUAGE_STANDARD = gnu99;
				GCC_WARN_64_TO_32_BIT_CONVERSION = YES;
				GCC_WARN_ABOUT_RETURN_TYPE = YES_ERROR;
				GCC_WARN_UNDECLARED_SELECTOR = YES;
				GCC_WARN_UNINITIALIZED_AUTOS = YES_AGGRESSIVE;
				GCC_WARN_UNUSED_FUNCTION = YES;
				GCC_WARN_UNUSED_VARIABLE = YES;
				IPHONEOS_DEPLOYMENT_TARGET = 7.0;
				MTL_ENABLE_DEBUG_INFO = NO;
				SDKROOT = iphoneos;
				TARGETED_DEVICE_FAMILY = "1,2";
				VALIDATE_PRODUCT = YES;
			};
			name = Release;
		};
		C93F57051A0B70BE0030D481 /* Debug */ = {
			isa = XCBuildConfiguration;
			buildSettings = {
				ASSETCATALOG_COMPILER_APPICON_NAME = AppIcon;
				ASSETCATALOG_COMPILER_LAUNCHIMAGE_NAME = LaunchImage;
				INFOPLIST_FILE = RevmaRapp/Info.plist;
				LD_RUNPATH_SEARCH_PATHS = "$(inherited) @executable_path/Frameworks";
				PRODUCT_NAME = "$(TARGET_NAME)";
			};
			name = Debug;
		};
		C93F57061A0B70BE0030D481 /* Release */ = {
			isa = XCBuildConfiguration;
			buildSettings = {
				ASSETCATALOG_COMPILER_APPICON_NAME = AppIcon;
				ASSETCATALOG_COMPILER_LAUNCHIMAGE_NAME = LaunchImage;
				INFOPLIST_FILE = RevmaRapp/Info.plist;
				LD_RUNPATH_SEARCH_PATHS = "$(inherited) @executable_path/Frameworks";
				PRODUCT_NAME = "$(TARGET_NAME)";
			};
			name = Release;
		};
		C93F57081A0B70BE0030D481 /* Debug */ = {
			isa = XCBuildConfiguration;
			buildSettings = {
				BUNDLE_LOADER = "$(TEST_HOST)";
				FRAMEWORK_SEARCH_PATHS = (
					"$(SDKROOT)/Developer/Library/Frameworks",
					"$(inherited)",
				);
				GCC_PREPROCESSOR_DEFINITIONS = (
					"DEBUG=1",
					"$(inherited)",
				);
				INFOPLIST_FILE = RevmaRappTests/Info.plist;
				LD_RUNPATH_SEARCH_PATHS = "$(inherited) @executable_path/Frameworks @loader_path/Frameworks";
				PRODUCT_NAME = "$(TARGET_NAME)";
				TEST_HOST = "$(BUILT_PRODUCTS_DIR)/RevmaRapp.app/RevmaRapp";
			};
			name = Debug;
		};
		C93F57091A0B70BE0030D481 /* Release */ = {
			isa = XCBuildConfiguration;
			buildSettings = {
				BUNDLE_LOADER = "$(TEST_HOST)";
				FRAMEWORK_SEARCH_PATHS = (
					"$(SDKROOT)/Developer/Library/Frameworks",
					"$(inherited)",
				);
				INFOPLIST_FILE = RevmaRappTests/Info.plist;
				LD_RUNPATH_SEARCH_PATHS = "$(inherited) @executable_path/Frameworks @loader_path/Frameworks";
				PRODUCT_NAME = "$(TARGET_NAME)";
				TEST_HOST = "$(BUILT_PRODUCTS_DIR)/RevmaRapp.app/RevmaRapp";
			};
			name = Release;
		};
/* End XCBuildConfiguration section */

/* Begin XCConfigurationList section */
		C93F56DE1A0B70BE0030D481 /* Build configuration list for PBXProject "RevmaRapp" */ = {
			isa = XCConfigurationList;
			buildConfigurations = (
				C93F57021A0B70BE0030D481 /* Debug */,
				C93F57031A0B70BE0030D481 /* Release */,
			);
			defaultConfigurationIsVisible = 0;
			defaultConfigurationName = Release;
		};
		C93F57041A0B70BE0030D481 /* Build configuration list for PBXNativeTarget "RevmaRapp" */ = {
			isa = XCConfigurationList;
			buildConfigurations = (
				C93F57051A0B70BE0030D481 /* Debug */,
				C93F57061A0B70BE0030D481 /* Release */,
			);
			defaultConfigurationIsVisible = 0;
			defaultConfigurationName = Release;
		};
		C93F57071A0B70BE0030D481 /* Build configuration list for PBXNativeTarget "RevmaRappTests" */ = {
			isa = XCConfigurationList;
			buildConfigurations = (
				C93F57081A0B70BE0030D481 /* Debug */,
				C93F57091A0B70BE0030D481 /* Release */,
			);
			defaultConfigurationIsVisible = 0;
			defaultConfigurationName = Release;
		};
/* End XCConfigurationList section */

/* Begin XCVersionGroup section */
		C9DD9F2F1A136E550099B184 /* RevmaRapp.xcdatamodeld */ = {
			isa = XCVersionGroup;
			children = (
				C9DD9F301A136E550099B184 /* RevmaRapp.xcdatamodel */,
			);
			currentVersion = C9DD9F301A136E550099B184 /* RevmaRapp.xcdatamodel */;
			path = RevmaRapp.xcdatamodeld;
			sourceTree = "<group>";
			versionGroupType = wrapper.xcdatamodel;
		};
/* End XCVersionGroup section */
	};
	rootObject = C93F56DB1A0B70BE0030D481 /* Project object */;
}
